// !$*UTF8*$!
{
	archiveVersion = 1;
	classes = {
	};
	objectVersion = 46;
	objects = {

/* Begin PBXBuildFile section */
		5BEAC3AF1594978C0051E0E8 /* Foundation.framework in Frameworks */ = {isa = PBXBuildFile; fileRef = 5BEAC3AE1594978C0051E0E8 /* Foundation.framework */; };
		5BEAC3C41594996A0051E0E8 /* GCDAsyncSocket.h in Headers */ = {isa = PBXBuildFile; fileRef = 5BEAC3C21594996A0051E0E8 /* GCDAsyncSocket.h */; };
		5BEAC3C51594996A0051E0E8 /* GCDAsyncSocket.m in Sources */ = {isa = PBXBuildFile; fileRef = 5BEAC3C31594996A0051E0E8 /* GCDAsyncSocket.m */; };
		5BEAC3C915949A960051E0E8 /* MJMessageClient.h in Headers */ = {isa = PBXBuildFile; fileRef = 5BEAC3C715949A960051E0E8 /* MJMessageClient.h */; };
		5BEAC3CA15949A960051E0E8 /* MJMessageClient.m in Sources */ = {isa = PBXBuildFile; fileRef = 5BEAC3C815949A960051E0E8 /* MJMessageClient.m */; };
		5BEAC3D115949AC60051E0E8 /* MJMessageClientProxy.h in Headers */ = {isa = PBXBuildFile; fileRef = 5BEAC3CC15949AC60051E0E8 /* MJMessageClientProxy.h */; };
		5BEAC3D215949AC60051E0E8 /* MJMessageClientProxyImpl.h in Headers */ = {isa = PBXBuildFile; fileRef = 5BEAC3CD15949AC60051E0E8 /* MJMessageClientProxyImpl.h */; };
		5BEAC3D315949AC60051E0E8 /* MJMessageClientProxyImpl.m in Sources */ = {isa = PBXBuildFile; fileRef = 5BEAC3CE15949AC60051E0E8 /* MJMessageClientProxyImpl.m */; };
		5BEAC3D415949AC60051E0E8 /* MJMessageServer.h in Headers */ = {isa = PBXBuildFile; fileRef = 5BEAC3CF15949AC60051E0E8 /* MJMessageServer.h */; };
		5BEAC3D515949AC60051E0E8 /* MJMessageServer.m in Sources */ = {isa = PBXBuildFile; fileRef = 5BEAC3D015949AC60051E0E8 /* MJMessageServer.m */; };
/* End PBXBuildFile section */

/* Begin PBXFileReference section */
		5BEAC3AB1594978C0051E0E8 /* libMJMessaging.a */ = {isa = PBXFileReference; explicitFileType = archive.ar; includeInIndex = 0; path = libMJMessaging.a; sourceTree = BUILT_PRODUCTS_DIR; };
		5BEAC3AE1594978C0051E0E8 /* Foundation.framework */ = {isa = PBXFileReference; lastKnownFileType = wrapper.framework; name = Foundation.framework; path = System/Library/Frameworks/Foundation.framework; sourceTree = SDKROOT; };
		5BEAC3B21594978C0051E0E8 /* MJMessaging-Prefix.pch */ = {isa = PBXFileReference; lastKnownFileType = sourcecode.c.h; path = "MJMessaging-Prefix.pch"; sourceTree = "<group>"; };
		5BEAC3B31594978C0051E0E8 /* MJMessaging.h */ = {isa = PBXFileReference; lastKnownFileType = sourcecode.c.h; path = MJMessaging.h; sourceTree = "<group>"; };
		5BEAC3C21594996A0051E0E8 /* GCDAsyncSocket.h */ = {isa = PBXFileReference; fileEncoding = 4; lastKnownFileType = sourcecode.c.h; path = GCDAsyncSocket.h; sourceTree = "<group>"; };
		5BEAC3C31594996A0051E0E8 /* GCDAsyncSocket.m */ = {isa = PBXFileReference; fileEncoding = 4; lastKnownFileType = sourcecode.c.objc; path = GCDAsyncSocket.m; sourceTree = "<group>"; };
		5BEAC3C715949A960051E0E8 /* MJMessageClient.h */ = {isa = PBXFileReference; fileEncoding = 4; lastKnownFileType = sourcecode.c.h; path = MJMessageClient.h; sourceTree = "<group>"; };
		5BEAC3C815949A960051E0E8 /* MJMessageClient.m */ = {isa = PBXFileReference; fileEncoding = 4; lastKnownFileType = sourcecode.c.objc; path = MJMessageClient.m; sourceTree = "<group>"; };
		5BEAC3CC15949AC60051E0E8 /* MJMessageClientProxy.h */ = {isa = PBXFileReference; fileEncoding = 4; lastKnownFileType = sourcecode.c.h; path = MJMessageClientProxy.h; sourceTree = "<group>"; };
		5BEAC3CD15949AC60051E0E8 /* MJMessageClientProxyImpl.h */ = {isa = PBXFileReference; fileEncoding = 4; lastKnownFileType = sourcecode.c.h; path = MJMessageClientProxyImpl.h; sourceTree = "<group>"; };
		5BEAC3CE15949AC60051E0E8 /* MJMessageClientProxyImpl.m */ = {isa = PBXFileReference; fileEncoding = 4; lastKnownFileType = sourcecode.c.objc; path = MJMessageClientProxyImpl.m; sourceTree = "<group>"; };
		5BEAC3CF15949AC60051E0E8 /* MJMessageServer.h */ = {isa = PBXFileReference; fileEncoding = 4; lastKnownFileType = sourcecode.c.h; path = MJMessageServer.h; sourceTree = "<group>"; };
		5BEAC3D015949AC60051E0E8 /* MJMessageServer.m */ = {isa = PBXFileReference; fileEncoding = 4; lastKnownFileType = sourcecode.c.objc; path = MJMessageServer.m; sourceTree = "<group>"; };
/* End PBXFileReference section */

/* Begin PBXFrameworksBuildPhase section */
		5BEAC3A81594978C0051E0E8 /* Frameworks */ = {
			isa = PBXFrameworksBuildPhase;
			buildActionMask = 2147483647;
			files = (
				5BEAC3AF1594978C0051E0E8 /* Foundation.framework in Frameworks */,
			);
			runOnlyForDeploymentPostprocessing = 0;
		};
/* End PBXFrameworksBuildPhase section */

/* Begin PBXGroup section */
		5BEAC3A01594978B0051E0E8 = {
			isa = PBXGroup;
			children = (
				5BEAC3B01594978C0051E0E8 /* MJMessaging */,
				5BEAC3AD1594978C0051E0E8 /* Frameworks */,
				5BEAC3AC1594978C0051E0E8 /* Products */,
			);
			sourceTree = "<group>";
		};
		5BEAC3AC1594978C0051E0E8 /* Products */ = {
			isa = PBXGroup;
			children = (
				5BEAC3AB1594978C0051E0E8 /* libMJMessaging.a */,
			);
			name = Products;
			sourceTree = "<group>";
		};
		5BEAC3AD1594978C0051E0E8 /* Frameworks */ = {
			isa = PBXGroup;
			children = (
				5BEAC3AE1594978C0051E0E8 /* Foundation.framework */,
			);
			name = Frameworks;
			sourceTree = "<group>";
		};
		5BEAC3B01594978C0051E0E8 /* MJMessaging */ = {
			isa = PBXGroup;
			children = (
				5BEAC3B31594978C0051E0E8 /* MJMessaging.h */,
				5BEAC3C615949A810051E0E8 /* Client */,
				5BEAC3CB15949AB10051E0E8 /* Server */,
				5BEAC3BB159499220051E0E8 /* Vendor */,
				5BEAC3B11594978C0051E0E8 /* Supporting Files */,
			);
			path = MJMessaging;
			sourceTree = "<group>";
		};
		5BEAC3B11594978C0051E0E8 /* Supporting Files */ = {
			isa = PBXGroup;
			children = (
				5BEAC3B21594978C0051E0E8 /* MJMessaging-Prefix.pch */,
			);
			name = "Supporting Files";
			sourceTree = "<group>";
		};
		5BEAC3BB159499220051E0E8 /* Vendor */ = {
			isa = PBXGroup;
			children = (
				5BEAC3C11594996A0051E0E8 /* GCDAsyncSocket */,
			);
			name = Vendor;
			sourceTree = "<group>";
		};
		5BEAC3C11594996A0051E0E8 /* GCDAsyncSocket */ = {
			isa = PBXGroup;
			children = (
				5BEAC3C21594996A0051E0E8 /* GCDAsyncSocket.h */,
				5BEAC3C31594996A0051E0E8 /* GCDAsyncSocket.m */,
			);
			name = GCDAsyncSocket;
			path = Vendor/GCDAsyncSocket;
			sourceTree = SOURCE_ROOT;
		};
		5BEAC3C615949A810051E0E8 /* Client */ = {
			isa = PBXGroup;
			children = (
				5BEAC3C715949A960051E0E8 /* MJMessageClient.h */,
				5BEAC3C815949A960051E0E8 /* MJMessageClient.m */,
			);
			name = Client;
			sourceTree = "<group>";
		};
		5BEAC3CB15949AB10051E0E8 /* Server */ = {
			isa = PBXGroup;
			children = (
				5BEAC3CC15949AC60051E0E8 /* MJMessageClientProxy.h */,
				5BEAC3CD15949AC60051E0E8 /* MJMessageClientProxyImpl.h */,
				5BEAC3CE15949AC60051E0E8 /* MJMessageClientProxyImpl.m */,
				5BEAC3CF15949AC60051E0E8 /* MJMessageServer.h */,
				5BEAC3D015949AC60051E0E8 /* MJMessageServer.m */,
			);
			name = Server;
			sourceTree = "<group>";
		};
/* End PBXGroup section */

/* Begin PBXHeadersBuildPhase section */
		5BEAC3A91594978C0051E0E8 /* Headers */ = {
			isa = PBXHeadersBuildPhase;
			buildActionMask = 2147483647;
			files = (
				5BEAC3C41594996A0051E0E8 /* GCDAsyncSocket.h in Headers */,
				5BEAC3C915949A960051E0E8 /* MJMessageClient.h in Headers */,
				5BEAC3D115949AC60051E0E8 /* MJMessageClientProxy.h in Headers */,
				5BEAC3D215949AC60051E0E8 /* MJMessageClientProxyImpl.h in Headers */,
				5BEAC3D415949AC60051E0E8 /* MJMessageServer.h in Headers */,
			);
			runOnlyForDeploymentPostprocessing = 0;
		};
/* End PBXHeadersBuildPhase section */

/* Begin PBXNativeTarget section */
		5BEAC3AA1594978C0051E0E8 /* MJMessaging */ = {
			isa = PBXNativeTarget;
			buildConfigurationList = 5BEAC3B81594978C0051E0E8 /* Build configuration list for PBXNativeTarget "MJMessaging" */;
			buildPhases = (
				5BEAC3A71594978C0051E0E8 /* Sources */,
				5BEAC3A81594978C0051E0E8 /* Frameworks */,
				5BEAC3A91594978C0051E0E8 /* Headers */,
			);
			buildRules = (
			);
			dependencies = (
			);
			name = MJMessaging;
			productName = MJMessaging;
			productReference = 5BEAC3AB1594978C0051E0E8 /* libMJMessaging.a */;
			productType = "com.apple.product-type.library.static";
		};
/* End PBXNativeTarget section */

/* Begin PBXProject section */
		5BEAC3A21594978B0051E0E8 /* Project object */ = {
			isa = PBXProject;
			attributes = {
				CLASSPREFIX = MJ;
				LastUpgradeCheck = 0430;
				ORGANIZATIONNAME = "Martin Johannesson";
			};
			buildConfigurationList = 5BEAC3A51594978B0051E0E8 /* Build configuration list for PBXProject "MJMessaging" */;
			compatibilityVersion = "Xcode 3.2";
			developmentRegion = English;
			hasScannedForEncodings = 0;
			knownRegions = (
				en,
			);
			mainGroup = 5BEAC3A01594978B0051E0E8;
			productRefGroup = 5BEAC3AC1594978C0051E0E8 /* Products */;
			projectDirPath = "";
			projectRoot = "";
			targets = (
				5BEAC3AA1594978C0051E0E8 /* MJMessaging */,
			);
		};
/* End PBXProject section */

/* Begin PBXSourcesBuildPhase section */
		5BEAC3A71594978C0051E0E8 /* Sources */ = {
			isa = PBXSourcesBuildPhase;
			buildActionMask = 2147483647;
			files = (
				5BEAC3C51594996A0051E0E8 /* GCDAsyncSocket.m in Sources */,
				5BEAC3CA15949A960051E0E8 /* MJMessageClient.m in Sources */,
				5BEAC3D315949AC60051E0E8 /* MJMessageClientProxyImpl.m in Sources */,
				5BEAC3D515949AC60051E0E8 /* MJMessageServer.m in Sources */,
			);
			runOnlyForDeploymentPostprocessing = 0;
		};
/* End PBXSourcesBuildPhase section */

/* Begin XCBuildConfiguration section */
		5BEAC3B61594978C0051E0E8 /* Debug */ = {
			isa = XCBuildConfiguration;
			buildSettings = {
				ALWAYS_SEARCH_USER_PATHS = NO;
				ARCHS = "$(ARCHS_STANDARD_32_BIT)";
				CLANG_ENABLE_OBJC_ARC = YES;
				COPY_PHASE_STRIP = NO;
				GCC_C_LANGUAGE_STANDARD = gnu99;
				GCC_DYNAMIC_NO_PIC = NO;
				GCC_OPTIMIZATION_LEVEL = 0;
				GCC_PREPROCESSOR_DEFINITIONS = (
					"DEBUG=1",
					"$(inherited)",
				);
				GCC_SYMBOLS_PRIVATE_EXTERN = NO;
				GCC_VERSION = com.apple.compilers.llvm.clang.1_0;
				GCC_WARN_ABOUT_RETURN_TYPE = YES;
				GCC_WARN_UNINITIALIZED_AUTOS = YES;
				GCC_WARN_UNUSED_VARIABLE = YES;
				IPHONEOS_DEPLOYMENT_TARGET = 5.0;
				SDKROOT = iphoneos;
			};
			name = Debug;
		};
		5BEAC3B71594978C0051E0E8 /* Release */ = {
			isa = XCBuildConfiguration;
			buildSettings = {
				ALWAYS_SEARCH_USER_PATHS = NO;
				ARCHS = "$(ARCHS_STANDARD_32_BIT)";
				CLANG_ENABLE_OBJC_ARC = YES;
				COPY_PHASE_STRIP = YES;
				GCC_C_LANGUAGE_STANDARD = gnu99;
				GCC_VERSION = com.apple.compilers.llvm.clang.1_0;
				GCC_WARN_ABOUT_RETURN_TYPE = YES;
				GCC_WARN_UNINITIALIZED_AUTOS = YES;
				GCC_WARN_UNUSED_VARIABLE = YES;
				IPHONEOS_DEPLOYMENT_TARGET = 5.0;
				SDKROOT = iphoneos;
				VALIDATE_PRODUCT = YES;
			};
			name = Release;
		};
		5BEAC3B91594978C0051E0E8 /* Debug */ = {
			isa = XCBuildConfiguration;
			buildSettings = {
				DSTROOT = /tmp/MJMessaging.dst;
				GCC_PRECOMPILE_PREFIX_HEADER = YES;
				GCC_PREFIX_HEADER = "MJMessaging/MJMessaging-Prefix.pch";
				OTHER_LDFLAGS = "-ObjC";
				PRODUCT_NAME = "$(TARGET_NAME)";
				SKIP_INSTALL = YES;
			};
			name = Debug;
		};
		5BEAC3BA1594978C0051E0E8 /* Release */ = {
			isa = XCBuildConfiguration;
			buildSettings = {
				DSTROOT = /tmp/MJMessaging.dst;
				GCC_PRECOMPILE_PREFIX_HEADER = YES;
				GCC_PREFIX_HEADER = "MJMessaging/MJMessaging-Prefix.pch";
				OTHER_LDFLAGS = "-ObjC";
				PRODUCT_NAME = "$(TARGET_NAME)";
				SKIP_INSTALL = YES;
			};
			name = Release;
		};
/* End XCBuildConfiguration section */

/* Begin XCConfigurationList section */
		5BEAC3A51594978B0051E0E8 /* Build configuration list for PBXProject "MJMessaging" */ = {
			isa = XCConfigurationList;
			buildConfigurations = (
				5BEAC3B61594978C0051E0E8 /* Debug */,
				5BEAC3B71594978C0051E0E8 /* Release */,
			);
			defaultConfigurationIsVisible = 0;
			defaultConfigurationName = Release;
		};
		5BEAC3B81594978C0051E0E8 /* Build configuration list for PBXNativeTarget "MJMessaging" */ = {
			isa = XCConfigurationList;
			buildConfigurations = (
				5BEAC3B91594978C0051E0E8 /* Debug */,
				5BEAC3BA1594978C0051E0E8 /* Release */,
			);
			defaultConfigurationIsVisible = 0;
		};
/* End XCConfigurationList section */
	};
	rootObject = 5BEAC3A21594978B0051E0E8 /* Project object */;
}
